{
	"name": "@ghasemkiani/xdom",
	"version": "1.0.0",
	"lockfileVersion": 3,
	"requires": true,
	"packages": {
		"": {
			"name": "@ghasemkiani/xdom",
			"version": "1.0.0",
			"license": "MIT",
			"dependencies": {
				"@ghasemkiani/base": "github:ghasemkiani/base"
			}
		},
		"node_modules/@ghasemkiani/base": {
			"version": "3.3.5",
			"resolved": "git+ssh://git@github.com/ghasemkiani/base.git#9bb63b7b7942dd8a8a8171f2b350b1e444a5f45a",
			"license": "MIT"
		}
	}
}
